
Microsoft Visual Studio Solution File, Format Version 12.00
# Visual Studio Version 16
VisualStudioVersion = 16.0.31105.61
MinimumVisualStudioVersion = 10.0.40219.1
Project("{9A19103F-16F7-4668-BE54-9A1E7A4F7556}") = "Cryptography", "Cryptography\Cryptography.csproj", "{B26B0B82-AE54-490C-8A5B-FF7FABD51019}"
EndProject
Project("{9A19103F-16F7-4668-BE54-9A1E7A4F7556}") = "CryptoTestConsole", "CryptoTestConsole\CryptoTestConsole.csproj", "{ABFA1D54-9462-4EED-B343-03E0D839709F}"
EndProject
Global
	GlobalSection(SolutionConfigurationPlatforms) = preSolution
		Debug|Any CPU = Debug|Any CPU
		Release|Any CPU = Release|Any CPU
	EndGlobalSection
	GlobalSection(ProjectConfigurationPlatforms) = postSolution
		{B26B0B82-AE54-490C-8A5B-FF7FABD51019}.Debug|Any CPU.ActiveCfg = Debug|Any CPU
		{B26B0B82-AE54-490C-8A5B-FF7FABD51019}.Debug|Any CPU.Build.0 = Debug|Any CPU
		{B26B0B82-AE54-490C-8A5B-FF7FABD51019}.Release|Any CPU.ActiveCfg = Release|Any CPU
		{B26B0B82-AE54-490C-8A5B-FF7FABD51019}.Release|Any CPU.Build.0 = Release|Any CPU
		{ABFA1D54-9462-4EED-B343-03E0D839709F}.Debug|Any CPU.ActiveCfg = Debug|Any CPU
		{ABFA1D54-9462-4EED-B343-03E0D839709F}.Debug|Any CPU.Build.0 = Debug|Any CPU
		{ABFA1D54-9462-4EED-B343-03E0D839709F}.Release|Any CPU.ActiveCfg = Release|Any CPU
		{ABFA1D54-9462-4EED-B343-03E0D839709F}.Release|Any CPU.Build.0 = Release|Any CPU
	EndGlobalSection
	GlobalSection(SolutionProperties) = preSolution
		HideSolutionNode = FALSE
	EndGlobalSection
	GlobalSection(ExtensibilityGlobals) = postSolution
		SolutionGuid = {B661C6A7-605A-4427-98AB-2738BB247DF4}
	EndGlobalSection
EndGlobal
